
Microsoft Visual Studio Solution File, Format Version 11.00
# Visual Studio 2010
# SharpDevelop 4.4
Project("{FD48973F-F585-4F70-812B-4D0503B36CE9}") = "about me (good one hopefuly)", "about me (good one hopefuly)\about me (good one hopefuly).pyproj", "{5F2EA7C5-4EA3-41DC-809A-7942C14DA14C}"
EndProject
Global
	GlobalSection(SolutionConfigurationPlatforms) = preSolution
		Debug|Any CPU = Debug|Any CPU
		Release|Any CPU = Release|Any CPU
	EndGlobalSection
	GlobalSection(ProjectConfigurationPlatforms) = postSolution
		{5F2EA7C5-4EA3-41DC-809A-7942C14DA14C}.Debug|Any CPU.Build.0 = Debug|Any CPU
		{5F2EA7C5-4EA3-41DC-809A-7942C14DA14C}.Debug|Any CPU.ActiveCfg = Debug|Any CPU
		{5F2EA7C5-4EA3-41DC-809A-7942C14DA14C}.Release|Any CPU.Build.0 = Release|Any CPU
		{5F2EA7C5-4EA3-41DC-809A-7942C14DA14C}.Release|Any CPU.ActiveCfg = Release|Any CPU
	EndGlobalSection
EndGlobal
